// !$*UTF8*$!
{
	archiveVersion = 1;
	classes = {
	};
	objectVersion = 52;
	objects = {

/* Begin PBXBuildFile section */
		E63E9D6E25BC311300136675 /* Alamofire in Frameworks */ = {isa = PBXBuildFile; productRef = E63E9D6D25BC311300136675 /* Alamofire */; };
		E63E9D7425BC315F00136675 /* APIService.swift in Sources */ = {isa = PBXBuildFile; fileRef = E63E9D7325BC315F00136675 /* APIService.swift */; };
		E63E9D7E25BC3FE800136675 /* CodableX in Frameworks */ = {isa = PBXBuildFile; productRef = E63E9D7D25BC3FE800136675 /* CodableX */; };
		E63E9D8325BC409500136675 /* ResultList.swift in Sources */ = {isa = PBXBuildFile; fileRef = E63E9D8225BC409500136675 /* ResultList.swift */; };
		E63E9D8F25BC4A3F00136675 /* Kingfisher in Frameworks */ = {isa = PBXBuildFile; productRef = E63E9D8E25BC4A3F00136675 /* Kingfisher */; };
		E667671225BEF6FF004D8BCB /* HomeViewModel.swift in Sources */ = {isa = PBXBuildFile; fileRef = E667671125BEF6FF004D8BCB /* HomeViewModel.swift */; };
		E6BA31CA25BC2F8600CFCDB3 /* peliculaApp.swift in Sources */ = {isa = PBXBuildFile; fileRef = E6BA31C925BC2F8600CFCDB3 /* peliculaApp.swift */; };
		E6BA31CC25BC2F8600CFCDB3 /* ContentView.swift in Sources */ = {isa = PBXBuildFile; fileRef = E6BA31CB25BC2F8600CFCDB3 /* ContentView.swift */; };
		E6BA31CE25BC2F8800CFCDB3 /* Assets.xcassets in Resources */ = {isa = PBXBuildFile; fileRef = E6BA31CD25BC2F8800CFCDB3 /* Assets.xcassets */; };
		E6BA31D125BC2F8800CFCDB3 /* Preview Assets.xcassets in Resources */ = {isa = PBXBuildFile; fileRef = E6BA31D025BC2F8800CFCDB3 /* Preview Assets.xcassets */; };
		E6BA31DC25BC2F8800CFCDB3 /* peliculaTests.swift in Sources */ = {isa = PBXBuildFile; fileRef = E6BA31DB25BC2F8800CFCDB3 /* peliculaTests.swift */; };
		E6BA31E725BC2F8800CFCDB3 /* peliculaUITests.swift in Sources */ = {isa = PBXBuildFile; fileRef = E6BA31E625BC2F8800CFCDB3 /* peliculaUITests.swift */; };
		E6D5593A25BD3654004B3EAB /* Image.swift in Sources */ = {isa = PBXBuildFile; fileRef = E6D5593925BD3654004B3EAB /* Image.swift */; };
		E6D5594225BD41CD004B3EAB /* PosterImage.swift in Sources */ = {isa = PBXBuildFile; fileRef = E6D5594125BD41CD004B3EAB /* PosterImage.swift */; };
		E6D5594A25BD4612004B3EAB /* HomeView.swift in Sources */ = {isa = PBXBuildFile; fileRef = E6D5594925BD4612004B3EAB /* HomeView.swift */; };
		E6D5594F25BD4679004B3EAB /* PosterRow.swift in Sources */ = {isa = PBXBuildFile; fileRef = E6D5594E25BD4679004B3EAB /* PosterRow.swift */; };
		E6D998F225BFBCA400EF60C3 /* PosterGridView.swift in Sources */ = {isa = PBXBuildFile; fileRef = E6D998F125BFBCA400EF60C3 /* PosterGridView.swift */; };
		E6D998FA25BFC67900EF60C3 /* PosterGridViewModel.swift in Sources */ = {isa = PBXBuildFile; fileRef = E6D998F925BFC67900EF60C3 /* PosterGridViewModel.swift */; };
/* End PBXBuildFile section */

/* Begin PBXContainerItemProxy section */
		E6BA31D825BC2F8800CFCDB3 /* PBXContainerItemProxy */ = {
			isa = PBXContainerItemProxy;
			containerPortal = E6BA31BE25BC2F8600CFCDB3 /* Project object */;
			proxyType = 1;
			remoteGlobalIDString = E6BA31C525BC2F8600CFCDB3;
			remoteInfo = pelicula;
		};
		E6BA31E325BC2F8800CFCDB3 /* PBXContainerItemProxy */ = {
			isa = PBXContainerItemProxy;
			containerPortal = E6BA31BE25BC2F8600CFCDB3 /* Project object */;
			proxyType = 1;
			remoteGlobalIDString = E6BA31C525BC2F8600CFCDB3;
			remoteInfo = pelicula;
		};
/* End PBXContainerItemProxy section */

/* Begin PBXFileReference section */
		E63E9D7325BC315F00136675 /* APIService.swift */ = {isa = PBXFileReference; lastKnownFileType = sourcecode.swift; path = APIService.swift; sourceTree = "<group>"; };
		E63E9D8225BC409500136675 /* ResultList.swift */ = {isa = PBXFileReference; lastKnownFileType = sourcecode.swift; path = ResultList.swift; sourceTree = "<group>"; };
		E667671125BEF6FF004D8BCB /* HomeViewModel.swift */ = {isa = PBXFileReference; lastKnownFileType = sourcecode.swift; path = HomeViewModel.swift; sourceTree = "<group>"; };
		E6BA31C625BC2F8600CFCDB3 /* pelicula.app */ = {isa = PBXFileReference; explicitFileType = wrapper.application; includeInIndex = 0; path = pelicula.app; sourceTree = BUILT_PRODUCTS_DIR; };
		E6BA31C925BC2F8600CFCDB3 /* peliculaApp.swift */ = {isa = PBXFileReference; lastKnownFileType = sourcecode.swift; path = peliculaApp.swift; sourceTree = "<group>"; };
		E6BA31CB25BC2F8600CFCDB3 /* ContentView.swift */ = {isa = PBXFileReference; lastKnownFileType = sourcecode.swift; path = ContentView.swift; sourceTree = "<group>"; };
		E6BA31CD25BC2F8800CFCDB3 /* Assets.xcassets */ = {isa = PBXFileReference; lastKnownFileType = folder.assetcatalog; path = Assets.xcassets; sourceTree = "<group>"; };
		E6BA31D025BC2F8800CFCDB3 /* Preview Assets.xcassets */ = {isa = PBXFileReference; lastKnownFileType = folder.assetcatalog; path = "Preview Assets.xcassets"; sourceTree = "<group>"; };
		E6BA31D225BC2F8800CFCDB3 /* Info.plist */ = {isa = PBXFileReference; lastKnownFileType = text.plist.xml; path = Info.plist; sourceTree = "<group>"; };
		E6BA31D725BC2F8800CFCDB3 /* peliculaTests.xctest */ = {isa = PBXFileReference; explicitFileType = wrapper.cfbundle; includeInIndex = 0; path = peliculaTests.xctest; sourceTree = BUILT_PRODUCTS_DIR; };
		E6BA31DB25BC2F8800CFCDB3 /* peliculaTests.swift */ = {isa = PBXFileReference; lastKnownFileType = sourcecode.swift; path = peliculaTests.swift; sourceTree = "<group>"; };
		E6BA31DD25BC2F8800CFCDB3 /* Info.plist */ = {isa = PBXFileReference; lastKnownFileType = text.plist.xml; path = Info.plist; sourceTree = "<group>"; };
		E6BA31E225BC2F8800CFCDB3 /* peliculaUITests.xctest */ = {isa = PBXFileReference; explicitFileType = wrapper.cfbundle; includeInIndex = 0; path = peliculaUITests.xctest; sourceTree = BUILT_PRODUCTS_DIR; };
		E6BA31E625BC2F8800CFCDB3 /* peliculaUITests.swift */ = {isa = PBXFileReference; lastKnownFileType = sourcecode.swift; path = peliculaUITests.swift; sourceTree = "<group>"; };
		E6BA31E825BC2F8800CFCDB3 /* Info.plist */ = {isa = PBXFileReference; lastKnownFileType = text.plist.xml; path = Info.plist; sourceTree = "<group>"; };
		E6D5593925BD3654004B3EAB /* Image.swift */ = {isa = PBXFileReference; lastKnownFileType = sourcecode.swift; path = Image.swift; sourceTree = "<group>"; };
		E6D5594125BD41CD004B3EAB /* PosterImage.swift */ = {isa = PBXFileReference; lastKnownFileType = sourcecode.swift; path = PosterImage.swift; sourceTree = "<group>"; };
		E6D5594925BD4612004B3EAB /* HomeView.swift */ = {isa = PBXFileReference; lastKnownFileType = sourcecode.swift; path = HomeView.swift; sourceTree = "<group>"; };
		E6D5594E25BD4679004B3EAB /* PosterRow.swift */ = {isa = PBXFileReference; lastKnownFileType = sourcecode.swift; path = PosterRow.swift; sourceTree = "<group>"; };
		E6D998F125BFBCA400EF60C3 /* PosterGridView.swift */ = {isa = PBXFileReference; lastKnownFileType = sourcecode.swift; path = PosterGridView.swift; sourceTree = "<group>"; };
		E6D998F925BFC67900EF60C3 /* PosterGridViewModel.swift */ = {isa = PBXFileReference; lastKnownFileType = sourcecode.swift; path = PosterGridViewModel.swift; sourceTree = "<group>"; };
/* End PBXFileReference section */

/* Begin PBXFrameworksBuildPhase section */
		E6BA31C325BC2F8600CFCDB3 /* Frameworks */ = {
			isa = PBXFrameworksBuildPhase;
			buildActionMask = 2147483647;
			files = (
				E63E9D8F25BC4A3F00136675 /* Kingfisher in Frameworks */,
				E63E9D7E25BC3FE800136675 /* CodableX in Frameworks */,
				E63E9D6E25BC311300136675 /* Alamofire in Frameworks */,
			);
			runOnlyForDeploymentPostprocessing = 0;
		};
		E6BA31D425BC2F8800CFCDB3 /* Frameworks */ = {
			isa = PBXFrameworksBuildPhase;
			buildActionMask = 2147483647;
			files = (
			);
			runOnlyForDeploymentPostprocessing = 0;
		};
		E6BA31DF25BC2F8800CFCDB3 /* Frameworks */ = {
			isa = PBXFrameworksBuildPhase;
			buildActionMask = 2147483647;
			files = (
			);
			runOnlyForDeploymentPostprocessing = 0;
		};
/* End PBXFrameworksBuildPhase section */

/* Begin PBXGroup section */
		E63E9D7225BC314300136675 /* Services */ = {
			isa = PBXGroup;
			children = (
				E63E9D7325BC315F00136675 /* APIService.swift */,
			);
			path = Services;
			sourceTree = "<group>";
		};
		E63E9D7825BC316600136675 /* Models */ = {
			isa = PBXGroup;
			children = (
				E63E9D8225BC409500136675 /* ResultList.swift */,
			);
			path = Models;
			sourceTree = "<group>";
		};
		E667671025BEF6EB004D8BCB /* ViewModels */ = {
			isa = PBXGroup;
			children = (
				E667671125BEF6FF004D8BCB /* HomeViewModel.swift */,
				E6D998F925BFC67900EF60C3 /* PosterGridViewModel.swift */,
			);
			path = ViewModels;
			sourceTree = "<group>";
		};
		E6BA31BD25BC2F8600CFCDB3 = {
			isa = PBXGroup;
			children = (
				E6BA31C825BC2F8600CFCDB3 /* pelicula */,
				E6BA31DA25BC2F8800CFCDB3 /* peliculaTests */,
				E6BA31E525BC2F8800CFCDB3 /* peliculaUITests */,
				E6BA31C725BC2F8600CFCDB3 /* Products */,
			);
			sourceTree = "<group>";
		};
		E6BA31C725BC2F8600CFCDB3 /* Products */ = {
			isa = PBXGroup;
			children = (
				E6BA31C625BC2F8600CFCDB3 /* pelicula.app */,
				E6BA31D725BC2F8800CFCDB3 /* peliculaTests.xctest */,
				E6BA31E225BC2F8800CFCDB3 /* peliculaUITests.xctest */,
			);
			name = Products;
			sourceTree = "<group>";
		};
		E6BA31C825BC2F8600CFCDB3 /* pelicula */ = {
			isa = PBXGroup;
			children = (
				E667671025BEF6EB004D8BCB /* ViewModels */,
				E6D5593725BD3555004B3EAB /* Views */,
				E63E9D7825BC316600136675 /* Models */,
				E63E9D7225BC314300136675 /* Services */,
				E6BA31C925BC2F8600CFCDB3 /* peliculaApp.swift */,
				E6BA31CB25BC2F8600CFCDB3 /* ContentView.swift */,
				E6BA31CD25BC2F8800CFCDB3 /* Assets.xcassets */,
				E6BA31D225BC2F8800CFCDB3 /* Info.plist */,
				E6BA31CF25BC2F8800CFCDB3 /* Preview Content */,
			);
			path = pelicula;
			sourceTree = "<group>";
		};
		E6BA31CF25BC2F8800CFCDB3 /* Preview Content */ = {
			isa = PBXGroup;
			children = (
				E6BA31D025BC2F8800CFCDB3 /* Preview Assets.xcassets */,
			);
			path = "Preview Content";
			sourceTree = "<group>";
		};
		E6BA31DA25BC2F8800CFCDB3 /* peliculaTests */ = {
			isa = PBXGroup;
			children = (
				E6BA31DB25BC2F8800CFCDB3 /* peliculaTests.swift */,
				E6BA31DD25BC2F8800CFCDB3 /* Info.plist */,
			);
			path = peliculaTests;
			sourceTree = "<group>";
		};
		E6BA31E525BC2F8800CFCDB3 /* peliculaUITests */ = {
			isa = PBXGroup;
			children = (
				E6BA31E625BC2F8800CFCDB3 /* peliculaUITests.swift */,
				E6BA31E825BC2F8800CFCDB3 /* Info.plist */,
			);
			path = peliculaUITests;
			sourceTree = "<group>";
		};
		E6D5593725BD3555004B3EAB /* Views */ = {
			isa = PBXGroup;
			children = (
				E6D5594925BD4612004B3EAB /* HomeView.swift */,
				E6D998F125BFBCA400EF60C3 /* PosterGridView.swift */,
				E6D5593825BD3572004B3EAB /* HelperViews */,
			);
			path = Views;
			sourceTree = "<group>";
		};
		E6D5593825BD3572004B3EAB /* HelperViews */ = {
			isa = PBXGroup;
			children = (
				E6D5593925BD3654004B3EAB /* Image.swift */,
				E6D5594125BD41CD004B3EAB /* PosterImage.swift */,
				E6D5594E25BD4679004B3EAB /* PosterRow.swift */,
			);
			path = HelperViews;
			sourceTree = "<group>";
		};
/* End PBXGroup section */

/* Begin PBXNativeTarget section */
		E6BA31C525BC2F8600CFCDB3 /* pelicula */ = {
			isa = PBXNativeTarget;
			buildConfigurationList = E6BA31EB25BC2F8800CFCDB3 /* Build configuration list for PBXNativeTarget "pelicula" */;
			buildPhases = (
				E6BA31C225BC2F8600CFCDB3 /* Sources */,
				E6BA31C325BC2F8600CFCDB3 /* Frameworks */,
				E6BA31C425BC2F8600CFCDB3 /* Resources */,
			);
			buildRules = (
			);
			dependencies = (
			);
			name = pelicula;
			packageProductDependencies = (
				E63E9D6D25BC311300136675 /* Alamofire */,
				E63E9D7D25BC3FE800136675 /* CodableX */,
				E63E9D8E25BC4A3F00136675 /* Kingfisher */,
			);
			productName = pelicula;
			productReference = E6BA31C625BC2F8600CFCDB3 /* pelicula.app */;
			productType = "com.apple.product-type.application";
		};
		E6BA31D625BC2F8800CFCDB3 /* peliculaTests */ = {
			isa = PBXNativeTarget;
			buildConfigurationList = E6BA31EE25BC2F8800CFCDB3 /* Build configuration list for PBXNativeTarget "peliculaTests" */;
			buildPhases = (
				E6BA31D325BC2F8800CFCDB3 /* Sources */,
				E6BA31D425BC2F8800CFCDB3 /* Frameworks */,
				E6BA31D525BC2F8800CFCDB3 /* Resources */,
			);
			buildRules = (
			);
			dependencies = (
				E6BA31D925BC2F8800CFCDB3 /* PBXTargetDependency */,
			);
			name = peliculaTests;
			productName = peliculaTests;
			productReference = E6BA31D725BC2F8800CFCDB3 /* peliculaTests.xctest */;
			productType = "com.apple.product-type.bundle.unit-test";
		};
		E6BA31E125BC2F8800CFCDB3 /* peliculaUITests */ = {
			isa = PBXNativeTarget;
			buildConfigurationList = E6BA31F125BC2F8800CFCDB3 /* Build configuration list for PBXNativeTarget "peliculaUITests" */;
			buildPhases = (
				E6BA31DE25BC2F8800CFCDB3 /* Sources */,
				E6BA31DF25BC2F8800CFCDB3 /* Frameworks */,
				E6BA31E025BC2F8800CFCDB3 /* Resources */,
			);
			buildRules = (
			);
			dependencies = (
				E6BA31E425BC2F8800CFCDB3 /* PBXTargetDependency */,
			);
			name = peliculaUITests;
			productName = peliculaUITests;
			productReference = E6BA31E225BC2F8800CFCDB3 /* peliculaUITests.xctest */;
			productType = "com.apple.product-type.bundle.ui-testing";
		};
/* End PBXNativeTarget section */

/* Begin PBXProject section */
		E6BA31BE25BC2F8600CFCDB3 /* Project object */ = {
			isa = PBXProject;
			attributes = {
				LastSwiftUpdateCheck = 1220;
				LastUpgradeCheck = 1220;
				TargetAttributes = {
					E6BA31C525BC2F8600CFCDB3 = {
						CreatedOnToolsVersion = 12.2;
					};
					E6BA31D625BC2F8800CFCDB3 = {
						CreatedOnToolsVersion = 12.2;
						TestTargetID = E6BA31C525BC2F8600CFCDB3;
					};
					E6BA31E125BC2F8800CFCDB3 = {
						CreatedOnToolsVersion = 12.2;
						TestTargetID = E6BA31C525BC2F8600CFCDB3;
					};
				};
			};
			buildConfigurationList = E6BA31C125BC2F8600CFCDB3 /* Build configuration list for PBXProject "pelicula" */;
			compatibilityVersion = "Xcode 9.3";
			developmentRegion = en;
			hasScannedForEncodings = 0;
			knownRegions = (
				en,
				Base,
			);
			mainGroup = E6BA31BD25BC2F8600CFCDB3;
			packageReferences = (
				E63E9D6C25BC311300136675 /* XCRemoteSwiftPackageReference "Alamofire" */,
				E63E9D7C25BC3FE800136675 /* XCRemoteSwiftPackageReference "CodableX" */,
				E63E9D8D25BC4A3F00136675 /* XCRemoteSwiftPackageReference "Kingfisher" */,
			);
			productRefGroup = E6BA31C725BC2F8600CFCDB3 /* Products */;
			projectDirPath = "";
			projectRoot = "";
			targets = (
				E6BA31C525BC2F8600CFCDB3 /* pelicula */,
				E6BA31D625BC2F8800CFCDB3 /* peliculaTests */,
				E6BA31E125BC2F8800CFCDB3 /* peliculaUITests */,
			);
		};
/* End PBXProject section */

/* Begin PBXResourcesBuildPhase section */
		E6BA31C425BC2F8600CFCDB3 /* Resources */ = {
			isa = PBXResourcesBuildPhase;
			buildActionMask = 2147483647;
			files = (
				E6BA31D125BC2F8800CFCDB3 /* Preview Assets.xcassets in Resources */,
				E6BA31CE25BC2F8800CFCDB3 /* Assets.xcassets in Resources */,
			);
			runOnlyForDeploymentPostprocessing = 0;
		};
		E6BA31D525BC2F8800CFCDB3 /* Resources */ = {
			isa = PBXResourcesBuildPhase;
			buildActionMask = 2147483647;
			files = (
			);
			runOnlyForDeploymentPostprocessing = 0;
		};
		E6BA31E025BC2F8800CFCDB3 /* Resources */ = {
			isa = PBXResourcesBuildPhase;
			buildActionMask = 2147483647;
			files = (
			);
			runOnlyForDeploymentPostprocessing = 0;
		};
/* End PBXResourcesBuildPhase section */

/* Begin PBXSourcesBuildPhase section */
		E6BA31C225BC2F8600CFCDB3 /* Sources */ = {
			isa = PBXSourcesBuildPhase;
			buildActionMask = 2147483647;
			files = (
				E6D5593A25BD3654004B3EAB /* Image.swift in Sources */,
				E6D998FA25BFC67900EF60C3 /* PosterGridViewModel.swift in Sources */,
				E6D998F225BFBCA400EF60C3 /* PosterGridView.swift in Sources */,
				E667671225BEF6FF004D8BCB /* HomeViewModel.swift in Sources */,
				E6D5594A25BD4612004B3EAB /* HomeView.swift in Sources */,
				E6D5594225BD41CD004B3EAB /* PosterImage.swift in Sources */,
				E6BA31CC25BC2F8600CFCDB3 /* ContentView.swift in Sources */,
				E63E9D7425BC315F00136675 /* APIService.swift in Sources */,
				E63E9D8325BC409500136675 /* ResultList.swift in Sources */,
				E6BA31CA25BC2F8600CFCDB3 /* peliculaApp.swift in Sources */,
				E6D5594F25BD4679004B3EAB /* PosterRow.swift in Sources */,
			);
			runOnlyForDeploymentPostprocessing = 0;
		};
		E6BA31D325BC2F8800CFCDB3 /* Sources */ = {
			isa = PBXSourcesBuildPhase;
			buildActionMask = 2147483647;
			files = (
				E6BA31DC25BC2F8800CFCDB3 /* peliculaTests.swift in Sources */,
			);
			runOnlyForDeploymentPostprocessing = 0;
		};
		E6BA31DE25BC2F8800CFCDB3 /* Sources */ = {
			isa = PBXSourcesBuildPhase;
			buildActionMask = 2147483647;
			files = (
				E6BA31E725BC2F8800CFCDB3 /* peliculaUITests.swift in Sources */,
			);
			runOnlyForDeploymentPostprocessing = 0;
		};
/* End PBXSourcesBuildPhase section */

/* Begin PBXTargetDependency section */
		E6BA31D925BC2F8800CFCDB3 /* PBXTargetDependency */ = {
			isa = PBXTargetDependency;
			target = E6BA31C525BC2F8600CFCDB3 /* pelicula */;
			targetProxy = E6BA31D825BC2F8800CFCDB3 /* PBXContainerItemProxy */;
		};
		E6BA31E425BC2F8800CFCDB3 /* PBXTargetDependency */ = {
			isa = PBXTargetDependency;
			target = E6BA31C525BC2F8600CFCDB3 /* pelicula */;
			targetProxy = E6BA31E325BC2F8800CFCDB3 /* PBXContainerItemProxy */;
		};
/* End PBXTargetDependency section */

/* Begin XCBuildConfiguration section */
		E6BA31E925BC2F8800CFCDB3 /* Debug */ = {
			isa = XCBuildConfiguration;
			buildSettings = {
				ALWAYS_SEARCH_USER_PATHS = NO;
				CLANG_ANALYZER_NONNULL = YES;
				CLANG_ANALYZER_NUMBER_OBJECT_CONVERSION = YES_AGGRESSIVE;
				CLANG_CXX_LANGUAGE_STANDARD = "gnu++14";
				CLANG_CXX_LIBRARY = "libc++";
				CLANG_ENABLE_MODULES = YES;
				CLANG_ENABLE_OBJC_ARC = YES;
				CLANG_ENABLE_OBJC_WEAK = YES;
				CLANG_WARN_BLOCK_CAPTURE_AUTORELEASING = YES;
				CLANG_WARN_BOOL_CONVERSION = YES;
				CLANG_WARN_COMMA = YES;
				CLANG_WARN_CONSTANT_CONVERSION = YES;
				CLANG_WARN_DEPRECATED_OBJC_IMPLEMENTATIONS = YES;
				CLANG_WARN_DIRECT_OBJC_ISA_USAGE = YES_ERROR;
				CLANG_WARN_DOCUMENTATION_COMMENTS = YES;
				CLANG_WARN_EMPTY_BODY = YES;
				CLANG_WARN_ENUM_CONVERSION = YES;
				CLANG_WARN_INFINITE_RECURSION = YES;
				CLANG_WARN_INT_CONVERSION = YES;
				CLANG_WARN_NON_LITERAL_NULL_CONVERSION = YES;
				CLANG_WARN_OBJC_IMPLICIT_RETAIN_SELF = YES;
				CLANG_WARN_OBJC_LITERAL_CONVERSION = YES;
				CLANG_WARN_OBJC_ROOT_CLASS = YES_ERROR;
				CLANG_WARN_QUOTED_INCLUDE_IN_FRAMEWORK_HEADER = YES;
				CLANG_WARN_RANGE_LOOP_ANALYSIS = YES;
				CLANG_WARN_STRICT_PROTOTYPES = YES;
				CLANG_WARN_SUSPICIOUS_MOVE = YES;
				CLANG_WARN_UNGUARDED_AVAILABILITY = YES_AGGRESSIVE;
				CLANG_WARN_UNREACHABLE_CODE = YES;
				CLANG_WARN__DUPLICATE_METHOD_MATCH = YES;
				COPY_PHASE_STRIP = NO;
				DEBUG_INFORMATION_FORMAT = dwarf;
				ENABLE_STRICT_OBJC_MSGSEND = YES;
				ENABLE_TESTABILITY = YES;
				GCC_C_LANGUAGE_STANDARD = gnu11;
				GCC_DYNAMIC_NO_PIC = NO;
				GCC_NO_COMMON_BLOCKS = YES;
				GCC_OPTIMIZATION_LEVEL = 0;
				GCC_PREPROCESSOR_DEFINITIONS = (
					"DEBUG=1",
					"$(inherited)",
				);
				GCC_WARN_64_TO_32_BIT_CONVERSION = YES;
				GCC_WARN_ABOUT_RETURN_TYPE = YES_ERROR;
				GCC_WARN_UNDECLARED_SELECTOR = YES;
				GCC_WARN_UNINITIALIZED_AUTOS = YES_AGGRESSIVE;
				GCC_WARN_UNUSED_FUNCTION = YES;
				GCC_WARN_UNUSED_VARIABLE = YES;
				IPHONEOS_DEPLOYMENT_TARGET = 14.2;
				MTL_ENABLE_DEBUG_INFO = INCLUDE_SOURCE;
				MTL_FAST_MATH = YES;
				ONLY_ACTIVE_ARCH = YES;
				SDKROOT = iphoneos;
				SWIFT_ACTIVE_COMPILATION_CONDITIONS = DEBUG;
				SWIFT_OPTIMIZATION_LEVEL = "-Onone";
			};
			name = Debug;
		};
		E6BA31EA25BC2F8800CFCDB3 /* Release */ = {
			isa = XCBuildConfiguration;
			buildSettings = {
				ALWAYS_SEARCH_USER_PATHS = NO;
				CLANG_ANALYZER_NONNULL = YES;
				CLANG_ANALYZER_NUMBER_OBJECT_CONVERSION = YES_AGGRESSIVE;
				CLANG_CXX_LANGUAGE_STANDARD = "gnu++14";
				CLANG_CXX_LIBRARY = "libc++";
				CLANG_ENABLE_MODULES = YES;
				CLANG_ENABLE_OBJC_ARC = YES;
				CLANG_ENABLE_OBJC_WEAK = YES;
				CLANG_WARN_BLOCK_CAPTURE_AUTORELEASING = YES;
				CLANG_WARN_BOOL_CONVERSION = YES;
				CLANG_WARN_COMMA = YES;
				CLANG_WARN_CONSTANT_CONVERSION = YES;
				CLANG_WARN_DEPRECATED_OBJC_IMPLEMENTATIONS = YES;
				CLANG_WARN_DIRECT_OBJC_ISA_USAGE = YES_ERROR;
				CLANG_WARN_DOCUMENTATION_COMMENTS = YES;
				CLANG_WARN_EMPTY_BODY = YES;
				CLANG_WARN_ENUM_CONVERSION = YES;
				CLANG_WARN_INFINITE_RECURSION = YES;
				CLANG_WARN_INT_CONVERSION = YES;
				CLANG_WARN_NON_LITERAL_NULL_CONVERSION = YES;
				CLANG_WARN_OBJC_IMPLICIT_RETAIN_SELF = YES;
				CLANG_WARN_OBJC_LITERAL_CONVERSION = YES;
				CLANG_WARN_OBJC_ROOT_CLASS = YES_ERROR;
				CLANG_WARN_QUOTED_INCLUDE_IN_FRAMEWORK_HEADER = YES;
				CLANG_WARN_RANGE_LOOP_ANALYSIS = YES;
				CLANG_WARN_STRICT_PROTOTYPES = YES;
				CLANG_WARN_SUSPICIOUS_MOVE = YES;
				CLANG_WARN_UNGUARDED_AVAILABILITY = YES_AGGRESSIVE;
				CLANG_WARN_UNREACHABLE_CODE = YES;
				CLANG_WARN__DUPLICATE_METHOD_MATCH = YES;
				COPY_PHASE_STRIP = NO;
				DEBUG_INFORMATION_FORMAT = "dwarf-with-dsym";
				ENABLE_NS_ASSERTIONS = NO;
				ENABLE_STRICT_OBJC_MSGSEND = YES;
				GCC_C_LANGUAGE_STANDARD = gnu11;
				GCC_NO_COMMON_BLOCKS = YES;
				GCC_WARN_64_TO_32_BIT_CONVERSION = YES;
				GCC_WARN_ABOUT_RETURN_TYPE = YES_ERROR;
				GCC_WARN_UNDECLARED_SELECTOR = YES;
				GCC_WARN_UNINITIALIZED_AUTOS = YES_AGGRESSIVE;
				GCC_WARN_UNUSED_FUNCTION = YES;
				GCC_WARN_UNUSED_VARIABLE = YES;
				IPHONEOS_DEPLOYMENT_TARGET = 14.2;
				MTL_ENABLE_DEBUG_INFO = NO;
				MTL_FAST_MATH = YES;
				SDKROOT = iphoneos;
				SWIFT_COMPILATION_MODE = wholemodule;
				SWIFT_OPTIMIZATION_LEVEL = "-O";
				VALIDATE_PRODUCT = YES;
			};
			name = Release;
		};
		E6BA31EC25BC2F8800CFCDB3 /* Debug */ = {
			isa = XCBuildConfiguration;
			buildSettings = {
				ASSETCATALOG_COMPILER_APPICON_NAME = AppIcon;
				ASSETCATALOG_COMPILER_GLOBAL_ACCENT_COLOR_NAME = AccentColor;
				CODE_SIGN_STYLE = Automatic;
				DEVELOPMENT_ASSET_PATHS = "\"pelicula/Preview Content\"";
				ENABLE_PREVIEWS = YES;
				INFOPLIST_FILE = pelicula/Info.plist;
				IPHONEOS_DEPLOYMENT_TARGET = 14.0;
				LD_RUNPATH_SEARCH_PATHS = (
					"$(inherited)",
					"@executable_path/Frameworks",
				);
				PRODUCT_BUNDLE_IDENTIFIER = com.dscyrescotti.pelicula;
				PRODUCT_NAME = "$(TARGET_NAME)";
				SWIFT_VERSION = 5.0;
				TARGETED_DEVICE_FAMILY = "1,2";
			};
			name = Debug;
		};
		E6BA31ED25BC2F8800CFCDB3 /* Release */ = {
			isa = XCBuildConfiguration;
			buildSettings = {
				ASSETCATALOG_COMPILER_APPICON_NAME = AppIcon;
				ASSETCATALOG_COMPILER_GLOBAL_ACCENT_COLOR_NAME = AccentColor;
				CODE_SIGN_STYLE = Automatic;
				DEVELOPMENT_ASSET_PATHS = "\"pelicula/Preview Content\"";
				ENABLE_PREVIEWS = YES;
				INFOPLIST_FILE = pelicula/Info.plist;
				IPHONEOS_DEPLOYMENT_TARGET = 14.0;
				LD_RUNPATH_SEARCH_PATHS = (
					"$(inherited)",
					"@executable_path/Frameworks",
				);
				PRODUCT_BUNDLE_IDENTIFIER = com.dscyrescotti.pelicula;
				PRODUCT_NAME = "$(TARGET_NAME)";
				SWIFT_VERSION = 5.0;
				TARGETED_DEVICE_FAMILY = "1,2";
			};
			name = Release;
		};
		E6BA31EF25BC2F8800CFCDB3 /* Debug */ = {
			isa = XCBuildConfiguration;
			buildSettings = {
				ALWAYS_EMBED_SWIFT_STANDARD_LIBRARIES = YES;
				BUNDLE_LOADER = "$(TEST_HOST)";
				CODE_SIGN_STYLE = Automatic;
				INFOPLIST_FILE = peliculaTests/Info.plist;
				IPHONEOS_DEPLOYMENT_TARGET = 14.0;
				LD_RUNPATH_SEARCH_PATHS = (
					"$(inherited)",
					"@executable_path/Frameworks",
					"@loader_path/Frameworks",
				);
				PRODUCT_BUNDLE_IDENTIFIER = com.dscyrescotti.peliculaTests;
				PRODUCT_NAME = "$(TARGET_NAME)";
				SWIFT_VERSION = 5.0;
				TARGETED_DEVICE_FAMILY = "1,2";
				TEST_HOST = "$(BUILT_PRODUCTS_DIR)/pelicula.app/pelicula";
			};
			name = Debug;
		};
		E6BA31F025BC2F8800CFCDB3 /* Release */ = {
			isa = XCBuildConfiguration;
			buildSettings = {
				ALWAYS_EMBED_SWIFT_STANDARD_LIBRARIES = YES;
				BUNDLE_LOADER = "$(TEST_HOST)";
				CODE_SIGN_STYLE = Automatic;
				INFOPLIST_FILE = peliculaTests/Info.plist;
				IPHONEOS_DEPLOYMENT_TARGET = 14.0;
				LD_RUNPATH_SEARCH_PATHS = (
					"$(inherited)",
					"@executable_path/Frameworks",
					"@loader_path/Frameworks",
				);
				PRODUCT_BUNDLE_IDENTIFIER = com.dscyrescotti.peliculaTests;
				PRODUCT_NAME = "$(TARGET_NAME)";
				SWIFT_VERSION = 5.0;
				TARGETED_DEVICE_FAMILY = "1,2";
				TEST_HOST = "$(BUILT_PRODUCTS_DIR)/pelicula.app/pelicula";
			};
			name = Release;
		};
		E6BA31F225BC2F8800CFCDB3 /* Debug */ = {
			isa = XCBuildConfiguration;
			buildSettings = {
				ALWAYS_EMBED_SWIFT_STANDARD_LIBRARIES = YES;
				CODE_SIGN_STYLE = Automatic;
				INFOPLIST_FILE = peliculaUITests/Info.plist;
				LD_RUNPATH_SEARCH_PATHS = (
					"$(inherited)",
					"@executable_path/Frameworks",
					"@loader_path/Frameworks",
				);
				PRODUCT_BUNDLE_IDENTIFIER = com.dscyrescotti.peliculaUITests;
				PRODUCT_NAME = "$(TARGET_NAME)";
				SWIFT_VERSION = 5.0;
				TARGETED_DEVICE_FAMILY = "1,2";
				TEST_TARGET_NAME = pelicula;
			};
			name = Debug;
		};
		E6BA31F325BC2F8800CFCDB3 /* Release */ = {
			isa = XCBuildConfiguration;
			buildSettings = {
				ALWAYS_EMBED_SWIFT_STANDARD_LIBRARIES = YES;
				CODE_SIGN_STYLE = Automatic;
				INFOPLIST_FILE = peliculaUITests/Info.plist;
				LD_RUNPATH_SEARCH_PATHS = (
					"$(inherited)",
					"@executable_path/Frameworks",
					"@loader_path/Frameworks",
				);
				PRODUCT_BUNDLE_IDENTIFIER = com.dscyrescotti.peliculaUITests;
				PRODUCT_NAME = "$(TARGET_NAME)";
				SWIFT_VERSION = 5.0;
				TARGETED_DEVICE_FAMILY = "1,2";
				TEST_TARGET_NAME = pelicula;
			};
			name = Release;
		};
/* End XCBuildConfiguration section */

/* Begin XCConfigurationList section */
		E6BA31C125BC2F8600CFCDB3 /* Build configuration list for PBXProject "pelicula" */ = {
			isa = XCConfigurationList;
			buildConfigurations = (
				E6BA31E925BC2F8800CFCDB3 /* Debug */,
				E6BA31EA25BC2F8800CFCDB3 /* Release */,
			);
			defaultConfigurationIsVisible = 0;
			defaultConfigurationName = Release;
		};
		E6BA31EB25BC2F8800CFCDB3 /* Build configuration list for PBXNativeTarget "pelicula" */ = {
			isa = XCConfigurationList;
			buildConfigurations = (
				E6BA31EC25BC2F8800CFCDB3 /* Debug */,
				E6BA31ED25BC2F8800CFCDB3 /* Release */,
			);
			defaultConfigurationIsVisible = 0;
			defaultConfigurationName = Release;
		};
		E6BA31EE25BC2F8800CFCDB3 /* Build configuration list for PBXNativeTarget "peliculaTests" */ = {
			isa = XCConfigurationList;
			buildConfigurations = (
				E6BA31EF25BC2F8800CFCDB3 /* Debug */,
				E6BA31F025BC2F8800CFCDB3 /* Release */,
			);
			defaultConfigurationIsVisible = 0;
			defaultConfigurationName = Release;
		};
		E6BA31F125BC2F8800CFCDB3 /* Build configuration list for PBXNativeTarget "peliculaUITests" */ = {
			isa = XCConfigurationList;
			buildConfigurations = (
				E6BA31F225BC2F8800CFCDB3 /* Debug */,
				E6BA31F325BC2F8800CFCDB3 /* Release */,
			);
			defaultConfigurationIsVisible = 0;
			defaultConfigurationName = Release;
		};
/* End XCConfigurationList section */

/* Begin XCRemoteSwiftPackageReference section */
		E63E9D6C25BC311300136675 /* XCRemoteSwiftPackageReference "Alamofire" */ = {
			isa = XCRemoteSwiftPackageReference;
			repositoryURL = "https://github.com/Alamofire/Alamofire.git";
			requirement = {
				kind = upToNextMajorVersion;
				minimumVersion = 5.4.1;
			};
		};
		E63E9D7C25BC3FE800136675 /* XCRemoteSwiftPackageReference "CodableX" */ = {
			isa = XCRemoteSwiftPackageReference;
			repositoryURL = "https://github.com/dscyrescotti/CodableX.git";
			requirement = {
				kind = upToNextMajorVersion;
				minimumVersion = 0.1.0;
			};
		};
		E63E9D8D25BC4A3F00136675 /* XCRemoteSwiftPackageReference "Kingfisher" */ = {
			isa = XCRemoteSwiftPackageReference;
			repositoryURL = "https://github.com/onevcat/Kingfisher.git";
			requirement = {
				kind = upToNextMajorVersion;
				minimumVersion = 6.0.1;
			};
		};
/* End XCRemoteSwiftPackageReference section */

/* Begin XCSwiftPackageProductDependency section */
		E63E9D6D25BC311300136675 /* Alamofire */ = {
			isa = XCSwiftPackageProductDependency;
			package = E63E9D6C25BC311300136675 /* XCRemoteSwiftPackageReference "Alamofire" */;
			productName = Alamofire;
		};
		E63E9D7D25BC3FE800136675 /* CodableX */ = {
			isa = XCSwiftPackageProductDependency;
			package = E63E9D7C25BC3FE800136675 /* XCRemoteSwiftPackageReference "CodableX" */;
			productName = CodableX;
		};
		E63E9D8E25BC4A3F00136675 /* Kingfisher */ = {
			isa = XCSwiftPackageProductDependency;
			package = E63E9D8D25BC4A3F00136675 /* XCRemoteSwiftPackageReference "Kingfisher" */;
			productName = Kingfisher;
		};
/* End XCSwiftPackageProductDependency section */
	};
	rootObject = E6BA31BE25BC2F8600CFCDB3 /* Project object */;
}
